
Microsoft Visual Studio Solution File, Format Version 12.00
# Visual Studio Version 17
VisualStudioVersion = 17.3.32929.385
MinimumVisualStudioVersion = 10.0.40219.1
Project("{9A19103F-16F7-4668-BE54-9A1E7A4F7556}") = "CinemaApp.App", "CinemaApp.App\CinemaApp.App.csproj", "{3F2312CB-AE12-4EEF-92D9-8FD8B08B7E22}"
EndProject
Project("{9A19103F-16F7-4668-BE54-9A1E7A4F7556}") = "CinemaApp.Core", "CinemaApp.Core\CinemaApp.Core.csproj", "{E717E0AC-4064-4532-8B8D-03D4B333A92D}"
EndProject
Project("{FAE04EC0-301F-11D3-BF4B-00C04F79EFBC}") = "CinemaApp.Data", "CinemaApp.Data\CinemaApp.Data.csproj", "{4CB46A99-C065-430F-93CA-3597E3581E44}"
EndProject
Global
	GlobalSection(SolutionConfigurationPlatforms) = preSolution
		Debug|Any CPU = Debug|Any CPU
		Release|Any CPU = Release|Any CPU
	EndGlobalSection
	GlobalSection(ProjectConfigurationPlatforms) = postSolution
		{3F2312CB-AE12-4EEF-92D9-8FD8B08B7E22}.Debug|Any CPU.ActiveCfg = Debug|Any CPU
		{3F2312CB-AE12-4EEF-92D9-8FD8B08B7E22}.Debug|Any CPU.Build.0 = Debug|Any CPU
		{3F2312CB-AE12-4EEF-92D9-8FD8B08B7E22}.Release|Any CPU.ActiveCfg = Release|Any CPU
		{3F2312CB-AE12-4EEF-92D9-8FD8B08B7E22}.Release|Any CPU.Build.0 = Release|Any CPU
		{E717E0AC-4064-4532-8B8D-03D4B333A92D}.Debug|Any CPU.ActiveCfg = Debug|Any CPU
		{E717E0AC-4064-4532-8B8D-03D4B333A92D}.Debug|Any CPU.Build.0 = Debug|Any CPU
		{E717E0AC-4064-4532-8B8D-03D4B333A92D}.Release|Any CPU.ActiveCfg = Release|Any CPU
		{E717E0AC-4064-4532-8B8D-03D4B333A92D}.Release|Any CPU.Build.0 = Release|Any CPU
		{4CB46A99-C065-430F-93CA-3597E3581E44}.Debug|Any CPU.ActiveCfg = Debug|Any CPU
		{4CB46A99-C065-430F-93CA-3597E3581E44}.Debug|Any CPU.Build.0 = Debug|Any CPU
		{4CB46A99-C065-430F-93CA-3597E3581E44}.Release|Any CPU.ActiveCfg = Release|Any CPU
		{4CB46A99-C065-430F-93CA-3597E3581E44}.Release|Any CPU.Build.0 = Release|Any CPU
	EndGlobalSection
	GlobalSection(SolutionProperties) = preSolution
		HideSolutionNode = FALSE
	EndGlobalSection
	GlobalSection(ExtensibilityGlobals) = postSolution
		SolutionGuid = {D6DA1087-41D1-4143-BE00-81F53396394E}
	EndGlobalSection
EndGlobal
